
Microsoft Visual Studio Solution File, Format Version 12.00
# Visual Studio Version 17
VisualStudioVersion = 17.11.35222.181
MinimumVisualStudioVersion = 10.0.40219.1
Project("{FAE04EC0-301F-11D3-BF4B-00C04F79EFBC}") = "F24W1IntroToVS", "F24W1IntroToVS\F24W1IntroToVS.csproj", "{3F2A2AEB-0FE9-48F4-A9A4-874B846CD42C}"
EndProject
Global
	GlobalSection(SolutionConfigurationPlatforms) = preSolution
		Debug|Any CPU = Debug|Any CPU
		Release|Any CPU = Release|Any CPU
	EndGlobalSection
	GlobalSection(ProjectConfigurationPlatforms) = postSolution
		{3F2A2AEB-0FE9-48F4-A9A4-874B846CD42C}.Debug|Any CPU.ActiveCfg = Debug|Any CPU
		{3F2A2AEB-0FE9-48F4-A9A4-874B846CD42C}.Debug|Any CPU.Build.0 = Debug|Any CPU
		{3F2A2AEB-0FE9-48F4-A9A4-874B846CD42C}.Release|Any CPU.ActiveCfg = Release|Any CPU
		{3F2A2AEB-0FE9-48F4-A9A4-874B846CD42C}.Release|Any CPU.Build.0 = Release|Any CPU
	EndGlobalSection
	GlobalSection(SolutionProperties) = preSolution
		HideSolutionNode = FALSE
	EndGlobalSection
	GlobalSection(ExtensibilityGlobals) = postSolution
		SolutionGuid = {9CC07170-7B5E-4D59-9068-F3C37A5418E6}
	EndGlobalSection
EndGlobal
